
Microsoft Visual Studio Solution File, Format Version 12.00
# Visual Studio Version 17
VisualStudioVersion = 17.10.34928.147
MinimumVisualStudioVersion = 10.0.40219.1
Project("{9A19103F-16F7-4668-BE54-9A1E7A4F7556}") = "API", "API\API.csproj", "{03875E2D-5609-4B9F-819B-9750A8C67242}"
EndProject
Global
	GlobalSection(SolutionConfigurationPlatforms) = preSolution
		Debug|Any CPU = Debug|Any CPU
		Debug|x86 = Debug|x86
		Release|Any CPU = Release|Any CPU
		Release|x86 = Release|x86
		Setup|Any CPU = Setup|Any CPU
		Setup|x86 = Setup|x86
	EndGlobalSection
	GlobalSection(ProjectConfigurationPlatforms) = postSolution
		{03875E2D-5609-4B9F-819B-9750A8C67242}.Debug|Any CPU.ActiveCfg = Debug|Any CPU
		{03875E2D-5609-4B9F-819B-9750A8C67242}.Debug|Any CPU.Build.0 = Debug|Any CPU
		{03875E2D-5609-4B9F-819B-9750A8C67242}.Debug|x86.ActiveCfg = Debug|Any CPU
		{03875E2D-5609-4B9F-819B-9750A8C67242}.Debug|x86.Build.0 = Debug|Any CPU
		{03875E2D-5609-4B9F-819B-9750A8C67242}.Release|Any CPU.ActiveCfg = Release|Any CPU
		{03875E2D-5609-4B9F-819B-9750A8C67242}.Release|Any CPU.Build.0 = Release|Any CPU
		{03875E2D-5609-4B9F-819B-9750A8C67242}.Release|x86.ActiveCfg = Release|Any CPU
		{03875E2D-5609-4B9F-819B-9750A8C67242}.Release|x86.Build.0 = Release|Any CPU
		{03875E2D-5609-4B9F-819B-9750A8C67242}.Setup|Any CPU.ActiveCfg = Debug|Any CPU
		{03875E2D-5609-4B9F-819B-9750A8C67242}.Setup|Any CPU.Build.0 = Debug|Any CPU
		{03875E2D-5609-4B9F-819B-9750A8C67242}.Setup|x86.ActiveCfg = Debug|Any CPU
		{03875E2D-5609-4B9F-819B-9750A8C67242}.Setup|x86.Build.0 = Debug|Any CPU
	EndGlobalSection
	GlobalSection(SolutionProperties) = preSolution
		HideSolutionNode = FALSE
	EndGlobalSection
	GlobalSection(ExtensibilityGlobals) = postSolution
		SolutionGuid = {EF000670-7C35-445F-A1FC-6DC69BA3F90C}
	EndGlobalSection
EndGlobal
